{
	"name": "code-audition",
	"version": "0.1.3",
	"lockfileVersion": 1,
	"requires": true,
	"dependencies": {
		"@types/prop-types": {
			"version": "15.7.1",
			"resolved": "https://registry.npm.taobao.org/@types/prop-types/download/@types/prop-types-15.7.1.tgz",
			"integrity": "sha1-8aEee6uww8rWgQC+OB0eBkxo8fY="
		},
		"@types/react": {
			"version": "16.8.24",
			"resolved": "https://registry.npm.taobao.org/@types/react/download/@types/react-16.8.24.tgz?cache=0&sync_timestamp=1564592870378&other_urls=https%3A%2F%2Fregistry.npm.taobao.org%2F%40types%2Freact%2Fdownload%2F%40types%2Freact-16.8.24.tgz",
			"integrity": "sha1-jR6h/L+iFCINo9PATlBvEHew3qw=",
			"requires": {
				"@types/prop-types": "15.7.1",
				"csstype": "2.6.6"
			}
		},
		"bind-decorator": {
			"version": "1.0.11",
			"resolved": "http://registry.npm.taobao.org/bind-decorator/download/bind-decorator-1.0.11.tgz",
			"integrity": "sha1-5BvAah9l3ZzsR2yRxdrzl4SIJS8="
		},
		"csstype": {
			"version": "2.6.6",
			"resolved": "https://registry.npm.taobao.org/csstype/download/csstype-2.6.6.tgz?cache=0&other_urls=https%3A%2F%2Fregistry.npm.taobao.org%2Fcsstype%2Fdownload%2Fcsstype-2.6.6.tgz",
			"integrity": "sha1-w0+CJqlLuxDDLMDXFK/flCKR/EE="
		},
		"dayjs": {
			"version": "1.8.15",
			"resolved": "https://registry.npm.taobao.org/dayjs/download/dayjs-1.8.15.tgz?cache=0&sync_timestamp=1562597134097&other_urls=https%3A%2F%2Fregistry.npm.taobao.org%2Fdayjs%2Fdownload%2Fdayjs-1.8.15.tgz",
			"integrity": "sha1-cSG8BOan8mIe1ttWa+SoqvjDkT4="
		},
		"js-tokens": {
			"version": "4.0.0",
			"resolved": "https://registry.npm.taobao.org/js-tokens/download/js-tokens-4.0.0.tgz",
			"integrity": "sha1-GSA/tZmR35jjoocFDUZHzerzJJk="
		},
		"lodash": {
			"version": "4.17.15",
			"resolved": "https://registry.npm.taobao.org/lodash/download/lodash-4.17.15.tgz?cache=0&other_urls=https%3A%2F%2Fregistry.npm.taobao.org%2Flodash%2Fdownload%2Flodash-4.17.15.tgz",
			"integrity": "sha1-tEf2ZwoEVbv+7dETku/zMOoJdUg="
		},
		"loose-envify": {
			"version": "1.4.0",
			"resolved": "http://registry.npm.taobao.org/loose-envify/download/loose-envify-1.4.0.tgz",
			"integrity": "sha1-ce5R+nvkyuwaY4OffmgtgTLTDK8=",
			"requires": {
				"js-tokens": "4.0.0"
			}
		},
		"object-assign": {
			"version": "4.1.1",
			"resolved": "http://registry.npm.taobao.org/object-assign/download/object-assign-4.1.1.tgz",
			"integrity": "sha1-IQmtx5ZYh8/AXLvUQsrIv7s2CGM="
		},
		"prop-types": {
			"version": "15.7.2",
			"resolved": "http://registry.npm.taobao.org/prop-types/download/prop-types-15.7.2.tgz",
			"integrity": "sha1-UsQedbjIfnK52TYOAga5ncv/psU=",
			"requires": {
				"loose-envify": "1.4.0",
				"object-assign": "4.1.1",
				"react-is": "16.8.6"
			}
		},
		"react-is": {
			"version": "16.8.6",
			"resolved": "https://registry.npm.taobao.org/react-is/download/react-is-16.8.6.tgz?cache=0&sync_timestamp=1565043796738&other_urls=https%3A%2F%2Fregistry.npm.taobao.org%2Freact-is%2Fdownload%2Freact-is-16.8.6.tgz",
			"integrity": "sha1-W7weLSkUHJ+9/tRWND/ivEMKahY="
		},
		"taro-ui": {
			"version": "2.2.1",
			"resolved": "https://registry.npm.taobao.org/taro-ui/download/taro-ui-2.2.1.tgz",
			"integrity": "sha1-JvdPH14niIiofukhrHHzPf/LhgE=",
			"requires": {
				"@types/react": "16.8.24",
				"bind-decorator": "1.0.11",
				"classnames": "2.2.6",
				"dayjs": "1.8.15",
				"lodash": "4.17.15",
				"prop-types": "15.7.2"
			},
			"dependencies": {
				"classnames": {
					"version": "2.2.6",
					"resolved": "http://registry.npm.taobao.org/classnames/download/classnames-2.2.6.tgz",
					"integrity": "sha1-Q5Nb/90pHzJtrQogUwmzjQD2UM4="
				}
			}
		}
	}
}
